
Microsoft Visual Studio Solution File, Format Version 12.00
# Visual Studio Version 17
VisualStudioVersion = 17.2.32408.312
MinimumVisualStudioVersion = 10.0.40219.1
Project("{FAE04EC0-301F-11D3-BF4B-00C04F79EFBC}") = "inside-airbnb-restapi", "inside-airbnb-restapi\inside-airbnb-restapi.csproj", "{5AA179BB-8D50-4DFB-A6E6-8BD26B5636B2}"
EndProject
Global
	GlobalSection(SolutionConfigurationPlatforms) = preSolution
		Debug|Any CPU = Debug|Any CPU
		Release|Any CPU = Release|Any CPU
	EndGlobalSection
	GlobalSection(ProjectConfigurationPlatforms) = postSolution
		{5AA179BB-8D50-4DFB-A6E6-8BD26B5636B2}.Debug|Any CPU.ActiveCfg = Debug|Any CPU
		{5AA179BB-8D50-4DFB-A6E6-8BD26B5636B2}.Debug|Any CPU.Build.0 = Debug|Any CPU
		{5AA179BB-8D50-4DFB-A6E6-8BD26B5636B2}.Release|Any CPU.ActiveCfg = Release|Any CPU
		{5AA179BB-8D50-4DFB-A6E6-8BD26B5636B2}.Release|Any CPU.Build.0 = Release|Any CPU
	EndGlobalSection
	GlobalSection(SolutionProperties) = preSolution
		HideSolutionNode = FALSE
	EndGlobalSection
	GlobalSection(ExtensibilityGlobals) = postSolution
		SolutionGuid = {8D2F6050-681A-4FD9-A0AC-73F3950EB7BF}
	EndGlobalSection
EndGlobal
